
Microsoft Visual Studio Solution File, Format Version 12.00
# Visual Studio Version 16
VisualStudioVersion = 16.0.32929.386
MinimumVisualStudioVersion = 10.0.40219.1
Project("{9A19103F-16F7-4668-BE54-9A1E7A4F7556}") = "Data", "Data\Data\Data.csproj", "{30207F87-4A14-408B-ADCA-D3462E8F5970}"
EndProject
Project("{2150E333-8FDC-42A3-9474-1A3956D46DE8}") = "Data", "Data", "{C8902E06-F787-4A98-8886-7721E1615D6C}"
EndProject
Project("{2150E333-8FDC-42A3-9474-1A3956D46DE8}") = "Logic", "Logic", "{F275790A-A5E4-4D06-BC7B-74AF68AFDE80}"
EndProject
Project("{2150E333-8FDC-42A3-9474-1A3956D46DE8}") = "Presentation", "Presentation", "{9354766B-7D9C-430B-81E1-A2C9F5C36204}"
EndProject
Project("{9A19103F-16F7-4668-BE54-9A1E7A4F7556}") = "Data.Mongo", "Data\Data.Mongo\Data.Mongo.csproj", "{D6B2709D-CF2F-4E72-8E4C-7CB4DDD4DC4F}"
EndProject
Project("{9A19103F-16F7-4668-BE54-9A1E7A4F7556}") = "Models", "Data\Models\Models.csproj", "{525D8540-32EF-4A6A-8B54-CEAAD81AFDC2}"
EndProject
Project("{9A19103F-16F7-4668-BE54-9A1E7A4F7556}") = "Caching", "Logic\Caching\Caching.csproj", "{21381F05-BFF8-45A8-926C-9A01F86AAE0E}"
EndProject
Project("{9A19103F-16F7-4668-BE54-9A1E7A4F7556}") = "Core", "Logic\Core\Core.csproj", "{77ECC2F3-8A96-45E5-A82A-103DA992F937}"
EndProject
Project("{9A19103F-16F7-4668-BE54-9A1E7A4F7556}") = "Identity", "Logic\Identity\Identity.csproj", "{95093E19-4440-4EB8-BCBA-4D80E8230061}"
EndProject
Project("{9A19103F-16F7-4668-BE54-9A1E7A4F7556}") = "Services", "Logic\Services\Services.csproj", "{0FA59A44-89E7-4492-80EA-D3229E5B76E2}"
EndProject
Project("{9A19103F-16F7-4668-BE54-9A1E7A4F7556}") = "WebApi", "Presentation\WebApi\WebApi.csproj", "{0EFE4E9D-FBED-4894-A28A-B8FAB8E65506}"
EndProject
Project("{9A19103F-16F7-4668-BE54-9A1E7A4F7556}") = "APIClientGenerator", "APIClientGenerator\APIClientGenerator.csproj", "{67F0C652-C696-432C-9415-059F84147FC0}"
EndProject
Global
	GlobalSection(SolutionConfigurationPlatforms) = preSolution
		Debug|Any CPU = Debug|Any CPU
		Release|Any CPU = Release|Any CPU
	EndGlobalSection
	GlobalSection(ProjectConfigurationPlatforms) = postSolution
		{30207F87-4A14-408B-ADCA-D3462E8F5970}.Debug|Any CPU.ActiveCfg = Debug|Any CPU
		{30207F87-4A14-408B-ADCA-D3462E8F5970}.Debug|Any CPU.Build.0 = Debug|Any CPU
		{30207F87-4A14-408B-ADCA-D3462E8F5970}.Release|Any CPU.ActiveCfg = Debug|Any CPU
		{30207F87-4A14-408B-ADCA-D3462E8F5970}.Release|Any CPU.Build.0 = Debug|Any CPU
		{D6B2709D-CF2F-4E72-8E4C-7CB4DDD4DC4F}.Debug|Any CPU.ActiveCfg = Debug|Any CPU
		{D6B2709D-CF2F-4E72-8E4C-7CB4DDD4DC4F}.Debug|Any CPU.Build.0 = Debug|Any CPU
		{D6B2709D-CF2F-4E72-8E4C-7CB4DDD4DC4F}.Release|Any CPU.ActiveCfg = Release|Any CPU
		{D6B2709D-CF2F-4E72-8E4C-7CB4DDD4DC4F}.Release|Any CPU.Build.0 = Release|Any CPU
		{525D8540-32EF-4A6A-8B54-CEAAD81AFDC2}.Debug|Any CPU.ActiveCfg = Debug|Any CPU
		{525D8540-32EF-4A6A-8B54-CEAAD81AFDC2}.Debug|Any CPU.Build.0 = Debug|Any CPU
		{525D8540-32EF-4A6A-8B54-CEAAD81AFDC2}.Release|Any CPU.ActiveCfg = Release|Any CPU
		{525D8540-32EF-4A6A-8B54-CEAAD81AFDC2}.Release|Any CPU.Build.0 = Release|Any CPU
		{21381F05-BFF8-45A8-926C-9A01F86AAE0E}.Debug|Any CPU.ActiveCfg = Debug|Any CPU
		{21381F05-BFF8-45A8-926C-9A01F86AAE0E}.Debug|Any CPU.Build.0 = Debug|Any CPU
		{21381F05-BFF8-45A8-926C-9A01F86AAE0E}.Release|Any CPU.ActiveCfg = Release|Any CPU
		{21381F05-BFF8-45A8-926C-9A01F86AAE0E}.Release|Any CPU.Build.0 = Release|Any CPU
		{77ECC2F3-8A96-45E5-A82A-103DA992F937}.Debug|Any CPU.ActiveCfg = Debug|Any CPU
		{77ECC2F3-8A96-45E5-A82A-103DA992F937}.Debug|Any CPU.Build.0 = Debug|Any CPU
		{77ECC2F3-8A96-45E5-A82A-103DA992F937}.Release|Any CPU.ActiveCfg = Release|Any CPU
		{77ECC2F3-8A96-45E5-A82A-103DA992F937}.Release|Any CPU.Build.0 = Release|Any CPU
		{95093E19-4440-4EB8-BCBA-4D80E8230061}.Debug|Any CPU.ActiveCfg = Debug|Any CPU
		{95093E19-4440-4EB8-BCBA-4D80E8230061}.Debug|Any CPU.Build.0 = Debug|Any CPU
		{95093E19-4440-4EB8-BCBA-4D80E8230061}.Release|Any CPU.ActiveCfg = Release|Any CPU
		{95093E19-4440-4EB8-BCBA-4D80E8230061}.Release|Any CPU.Build.0 = Release|Any CPU
		{0FA59A44-89E7-4492-80EA-D3229E5B76E2}.Debug|Any CPU.ActiveCfg = Debug|Any CPU
		{0FA59A44-89E7-4492-80EA-D3229E5B76E2}.Debug|Any CPU.Build.0 = Debug|Any CPU
		{0FA59A44-89E7-4492-80EA-D3229E5B76E2}.Release|Any CPU.ActiveCfg = Release|Any CPU
		{0FA59A44-89E7-4492-80EA-D3229E5B76E2}.Release|Any CPU.Build.0 = Release|Any CPU
		{0EFE4E9D-FBED-4894-A28A-B8FAB8E65506}.Debug|Any CPU.ActiveCfg = Debug|Any CPU
		{0EFE4E9D-FBED-4894-A28A-B8FAB8E65506}.Debug|Any CPU.Build.0 = Debug|Any CPU
		{0EFE4E9D-FBED-4894-A28A-B8FAB8E65506}.Release|Any CPU.ActiveCfg = Release|Any CPU
		{0EFE4E9D-FBED-4894-A28A-B8FAB8E65506}.Release|Any CPU.Build.0 = Release|Any CPU
		{67F0C652-C696-432C-9415-059F84147FC0}.Debug|Any CPU.ActiveCfg = Debug|Any CPU
		{67F0C652-C696-432C-9415-059F84147FC0}.Debug|Any CPU.Build.0 = Debug|Any CPU
		{67F0C652-C696-432C-9415-059F84147FC0}.Release|Any CPU.ActiveCfg = Release|Any CPU
		{67F0C652-C696-432C-9415-059F84147FC0}.Release|Any CPU.Build.0 = Release|Any CPU
	EndGlobalSection
	GlobalSection(SolutionProperties) = preSolution
		HideSolutionNode = FALSE
	EndGlobalSection
	GlobalSection(NestedProjects) = preSolution
		{30207F87-4A14-408B-ADCA-D3462E8F5970} = {C8902E06-F787-4A98-8886-7721E1615D6C}
		{D6B2709D-CF2F-4E72-8E4C-7CB4DDD4DC4F} = {C8902E06-F787-4A98-8886-7721E1615D6C}
		{525D8540-32EF-4A6A-8B54-CEAAD81AFDC2} = {C8902E06-F787-4A98-8886-7721E1615D6C}
		{21381F05-BFF8-45A8-926C-9A01F86AAE0E} = {F275790A-A5E4-4D06-BC7B-74AF68AFDE80}
		{77ECC2F3-8A96-45E5-A82A-103DA992F937} = {F275790A-A5E4-4D06-BC7B-74AF68AFDE80}
		{95093E19-4440-4EB8-BCBA-4D80E8230061} = {F275790A-A5E4-4D06-BC7B-74AF68AFDE80}
		{0FA59A44-89E7-4492-80EA-D3229E5B76E2} = {F275790A-A5E4-4D06-BC7B-74AF68AFDE80}
		{0EFE4E9D-FBED-4894-A28A-B8FAB8E65506} = {9354766B-7D9C-430B-81E1-A2C9F5C36204}
	EndGlobalSection
	GlobalSection(ExtensibilityGlobals) = postSolution
		SolutionGuid = {C042B49D-6343-4879-AF93-4C839178DB6B}
	EndGlobalSection
EndGlobal
